
Microsoft Visual Studio Solution File, Format Version 12.00
# Visual Studio Version 16
VisualStudioVersion = 16.0.31205.134
MinimumVisualStudioVersion = 10.0.40219.1
Project("{9A19103F-16F7-4668-BE54-9A1E7A4F7556}") = "Hotel", "Hotel_LogIn\Hotel.csproj", "{052823B1-C0FD-403A-A4C9-B9D12389A67F}"
EndProject
Project("{9A19103F-16F7-4668-BE54-9A1E7A4F7556}") = "Hotel_Sub", "Hotel_Sub\Hotel_Sub.csproj", "{5B7CD223-DAD1-4024-8146-120F516C5036}"
EndProject
Global
	GlobalSection(SolutionConfigurationPlatforms) = preSolution
		Debug|Any CPU = Debug|Any CPU
		Release|Any CPU = Release|Any CPU
	EndGlobalSection
	GlobalSection(ProjectConfigurationPlatforms) = postSolution
		{052823B1-C0FD-403A-A4C9-B9D12389A67F}.Debug|Any CPU.ActiveCfg = Debug|Any CPU
		{052823B1-C0FD-403A-A4C9-B9D12389A67F}.Debug|Any CPU.Build.0 = Debug|Any CPU
		{052823B1-C0FD-403A-A4C9-B9D12389A67F}.Release|Any CPU.ActiveCfg = Release|Any CPU
		{052823B1-C0FD-403A-A4C9-B9D12389A67F}.Release|Any CPU.Build.0 = Release|Any CPU
		{5B7CD223-DAD1-4024-8146-120F516C5036}.Debug|Any CPU.ActiveCfg = Debug|Any CPU
		{5B7CD223-DAD1-4024-8146-120F516C5036}.Debug|Any CPU.Build.0 = Debug|Any CPU
		{5B7CD223-DAD1-4024-8146-120F516C5036}.Release|Any CPU.ActiveCfg = Release|Any CPU
		{5B7CD223-DAD1-4024-8146-120F516C5036}.Release|Any CPU.Build.0 = Release|Any CPU
	EndGlobalSection
	GlobalSection(SolutionProperties) = preSolution
		HideSolutionNode = FALSE
	EndGlobalSection
	GlobalSection(ExtensibilityGlobals) = postSolution
		SolutionGuid = {E81D046D-F15F-4113-BAD5-DDA26A260511}
	EndGlobalSection
EndGlobal
